
Microsoft Visual Studio Solution File, Format Version 12.00
# Visual Studio 15
VisualStudioVersion = 15.0.28307.705
MinimumVisualStudioVersion = 10.0.40219.1
Project("{FAE04EC0-301F-11D3-BF4B-00C04F79EFBC}") = "Server", "Server\Server.csproj", "{588FAAD2-A46D-4DBD-8D6F-D85D070DF2F0}"
EndProject
Global
	GlobalSection(SolutionConfigurationPlatforms) = preSolution
		Debug|Any CPU = Debug|Any CPU
		Release|Any CPU = Release|Any CPU
	EndGlobalSection
	GlobalSection(ProjectConfigurationPlatforms) = postSolution
		{588FAAD2-A46D-4DBD-8D6F-D85D070DF2F0}.Debug|Any CPU.ActiveCfg = Debug|Any CPU
		{588FAAD2-A46D-4DBD-8D6F-D85D070DF2F0}.Debug|Any CPU.Build.0 = Debug|Any CPU
		{588FAAD2-A46D-4DBD-8D6F-D85D070DF2F0}.Release|Any CPU.ActiveCfg = Release|Any CPU
		{588FAAD2-A46D-4DBD-8D6F-D85D070DF2F0}.Release|Any CPU.Build.0 = Release|Any CPU
	EndGlobalSection
	GlobalSection(SolutionProperties) = preSolution
		HideSolutionNode = FALSE
	EndGlobalSection
	GlobalSection(ExtensibilityGlobals) = postSolution
		SolutionGuid = {8E3F189C-B7D3-4739-9E28-A4DDFEDA9ABB}
	EndGlobalSection
EndGlobal
